// !$*UTF8*$!
{
	archiveVersion = 1;
	classes = {
	};
	objectVersion = 46;
	objects = {
/* Begin PBXBuildFile section */
		0207DA581B56EA530066E2B4 /* Images.xcassets in Resources */ = {isa = PBXBuildFile; fileRef = 0207DA571B56EA530066E2B4 /* Images.xcassets */; };
		1D3623260D0F684500981E51 /* AppDelegate.m in Sources */ = {isa = PBXBuildFile; fileRef = 1D3623250D0F684500981E51 /* AppDelegate.m */; };
		1D60589B0D05DD56006BFB54 /* main.m in Sources */ = {isa = PBXBuildFile; fileRef = 29B97316FDCFA39411CA2CEA /* main.m */; };
		301BF552109A68D80062928A /* libCordova.a in Frameworks */ = {isa = PBXBuildFile; fileRef = 301BF535109A57CC0062928A /* libCordova.a */; };
		302D95F114D2391D003F00A1 /* MainViewController.m in Sources */ = {isa = PBXBuildFile; fileRef = 302D95EF14D2391D003F00A1 /* MainViewController.m */; };
		302D95F214D2391D003F00A1 /* MainViewController.xib in Resources */ = {isa = PBXBuildFile; fileRef = 302D95F014D2391D003F00A1 /* MainViewController.xib */; };
		3047A5121AB8059700498E2A /* build-debug.xcconfig in Resources */ = {isa = PBXBuildFile; fileRef = 3047A50F1AB8059700498E2A /* build-debug.xcconfig */; };
		3047A5131AB8059700498E2A /* build-release.xcconfig in Resources */ = {isa = PBXBuildFile; fileRef = 3047A5101AB8059700498E2A /* build-release.xcconfig */; };
		3047A5141AB8059700498E2A /* build.xcconfig in Resources */ = {isa = PBXBuildFile; fileRef = 3047A5111AB8059700498E2A /* build.xcconfig */; };
		6AFF5BF91D6E424B00AB3073 /* CDVLaunchScreen.storyboard in Resources */ = {isa = PBXBuildFile; fileRef = 6AFF5BF81D6E424B00AB3073 /* CDVLaunchScreen.storyboard */; };
		08DC2EA2A8754B09A8443AC0 /* CDVBattery.m in Sources */ = {isa = PBXBuildFile; fileRef = 7B9F11C878644870BB513EF0 /* CDVBattery.m */; };
		8113BA485E394DB78AC606F9 /* UIImage+CropScaleOrientation.m in Sources */ = {isa = PBXBuildFile; fileRef = 254B0FC8DDAE4338A706E749 /* UIImage+CropScaleOrientation.m */; };
		0127E1C94F4E43A29C777FA0 /* CDVCamera.m in Sources */ = {isa = PBXBuildFile; fileRef = EA4AF55C6B3F40D890D5E9E1 /* CDVCamera.m */; };
		FC5224FC59F247058BCE0B64 /* CDVJpegHeaderWriter.m in Sources */ = {isa = PBXBuildFile; fileRef = 85B8F50BDF324ECFAD4C288B /* CDVJpegHeaderWriter.m */; };
		916F5F62D89D410D8D496C8B /* ImageIO.framework in Frameworks */ = {isa = PBXBuildFile; fileRef = F8865DEF87BC42968D52B961 /* ImageIO.framework */; settings = {ATTRIBUTES = (Weak, ); }; };
		B475D9807A1D4FF6A9AEAFAE /* CoreLocation.framework in Frameworks */ = {isa = PBXBuildFile; fileRef = 6D7F141842D54DD5AED05AD7 /* CoreLocation.framework */; };
		97E5E906BCBD4FB7A2AC563D /* AVFoundation.framework in Frameworks */ = {isa = PBXBuildFile; fileRef = BB789B25FD8042BEA19FB1F2 /* AVFoundation.framework */; };
		0B38D9F5595E452DB1912136 /* CDVLogger.m in Sources */ = {isa = PBXBuildFile; fileRef = 3AA81437CCAB4A6881E1A51A /* CDVLogger.m */; };
		3384ABA27FCC41CCB62E1A10 /* CDVContacts.m in Sources */ = {isa = PBXBuildFile; fileRef = D1DB98BCD4924FE2996D0DC0 /* CDVContacts.m */; };
		2CC08C8B883B48B7B0F1DAC1 /* CDVContact.m in Sources */ = {isa = PBXBuildFile; fileRef = 181E5D2B60F142DCB1F64B0B /* CDVContact.m */; };
		3E6FBF61F63048088C559830 /* AddressBook.framework in Frameworks */ = {isa = PBXBuildFile; fileRef = EB7C36B3E1864C3FA0CDB26B /* AddressBook.framework */; settings = {ATTRIBUTES = (Weak, ); }; };
		1AC99755203F49EAB94614FF /* AddressBookUI.framework in Frameworks */ = {isa = PBXBuildFile; fileRef = 07409595748E4EAC9900038A /* AddressBookUI.framework */; settings = {ATTRIBUTES = (Weak, ); }; };
		A30627B2E7A7410B97674489 /* CDVDevice.m in Sources */ = {isa = PBXBuildFile; fileRef = CCDAB7AE3F4843CEBBF08B1F /* CDVDevice.m */; };
		BDC52B3D52DC4D8C809B46A0 /* libz.tbd in Frameworks */ = {isa = PBXBuildFile; fileRef = 17A12A1D762249D8BE7D387C /* libz.tbd */; };
		39A50197F7D64A76B5510D4F /* CDVAccelerometer.m in Sources */ = {isa = PBXBuildFile; fileRef = D5ABB4D16B3247AB8B398DE7 /* CDVAccelerometer.m */; };
		7B875E0A9E724B3C9EB5C604 /* CoreMotion.framework in Frameworks */ = {isa = PBXBuildFile; fileRef = A32DFDDFBFD34DD8B556E912 /* CoreMotion.framework */; };
		F3D4105AE1EC4A27AC18BDC5 /* CDVCompass.m in Sources */ = {isa = PBXBuildFile; fileRef = 1367D01C4FE9429EA3E211FB /* CDVCompass.m */; };
		40524F3CA328478D9BC5662A /* CDVNotification.m in Sources */ = {isa = PBXBuildFile; fileRef = BF2C3ED8A20344CE911AB695 /* CDVNotification.m */; };
		7C8090727ADC45859FFD6182 /* CDVNotification.bundle in Resources */ = {isa = PBXBuildFile; fileRef = ED34D37AA3AE48A3A4700B2E /* CDVNotification.bundle */; };
		24AC776AB2704B04968EE559 /* AudioToolbox.framework in Frameworks */ = {isa = PBXBuildFile; fileRef = 2D8006940946469DAE8DA02E /* AudioToolbox.framework */; settings = {ATTRIBUTES = (Weak, ); }; };
		D7364966BD254F888CD50AD0 /* CDVFile.m in Sources */ = {isa = PBXBuildFile; fileRef = 9EAAA272F2BC4DE8A29037B3 /* CDVFile.m */; };
		057A2A12EAF54B1DBB492D34 /* CDVLocalFilesystem.m in Sources */ = {isa = PBXBuildFile; fileRef = F03261D9D95142F396A10FE9 /* CDVLocalFilesystem.m */; };
		E86E6F17DE1241429F6EE0DB /* CDVAssetLibraryFilesystem.m in Sources */ = {isa = PBXBuildFile; fileRef = 3CA973BE62984612BB76B118 /* CDVAssetLibraryFilesystem.m */; };
		4DEA9A8A7B064485A3D7613F /* CDVFileTransfer.m in Sources */ = {isa = PBXBuildFile; fileRef = 818EE508BE074AD6A23753B5 /* CDVFileTransfer.m */; };
		97B324C3D5664882AAE06C7E /* CDVLocation.m in Sources */ = {isa = PBXBuildFile; fileRef = DAAE7EA009E4488992C16500 /* CDVLocation.m */; };
		FA836C2A70BC4CA680BE62D0 /* CDVGlobalization.m in Sources */ = {isa = PBXBuildFile; fileRef = 8E34EEB73559432CB83590FC /* CDVGlobalization.m */; };
		E05D188A897940E890009C18 /* CDVInAppBrowser.m in Sources */ = {isa = PBXBuildFile; fileRef = CAB1192D3D0A47369AF5D572 /* CDVInAppBrowser.m */; };
		6766D3F42F2E41BFB4F431C1 /* CDVSound.m in Sources */ = {isa = PBXBuildFile; fileRef = 6C1BB8EE5E2A4B3DB8705299 /* CDVSound.m */; };
		6935FA0DE59741A39494778D /* CDVCapture.m in Sources */ = {isa = PBXBuildFile; fileRef = 12632020A3B9432A8FAFA052 /* CDVCapture.m */; };
		99A6A7F77E224ECABA2E04A0 /* CDVCapture.bundle in Resources */ = {isa = PBXBuildFile; fileRef = 502275559F3142F2A201E6CE /* CDVCapture.bundle */; };
		741B0342955440F8917B2229 /* CDVConnection.m in Sources */ = {isa = PBXBuildFile; fileRef = 048E8A719D3E4E6F88D91617 /* CDVConnection.m */; };
		2DCCCC17A444469097FD2164 /* CDVReachability.m in Sources */ = {isa = PBXBuildFile; fileRef = 39C751063E8441A3901481BB /* CDVReachability.m */; };
		03F9DC77A90A478AA8F9E83E /* SystemConfiguration.framework in Frameworks */ = {isa = PBXBuildFile; fileRef = 49817D66512F4292A5C10FD9 /* SystemConfiguration.framework */; settings = {ATTRIBUTES = (Weak, ); }; };
		21B634A82B994451AEBB3803 /* CoreTelephony.framework in Frameworks */ = {isa = PBXBuildFile; fileRef = E478ED6A980F43438B3EF91D /* CoreTelephony.framework */; };
		5FBF33E5F7F2474EA3C0D980 /* CDVSplashScreen.m in Sources */ = {isa = PBXBuildFile; fileRef = 6A481239FC4E41D6AF6B4C6E /* CDVSplashScreen.m */; };
		8C1A6DD33C3F4B17A27FAA65 /* CDVViewController+SplashScreen.m in Sources */ = {isa = PBXBuildFile; fileRef = 056131B0661641F4AF1B9D0E /* CDVViewController+SplashScreen.m */; };
		13B9BCEC49AD43F8A8E3B526 /* CDVStatusBar.m in Sources */ = {isa = PBXBuildFile; fileRef = 6649BC4DC27D4627955CC84D /* CDVStatusBar.m */; };
		F235668EB82141048452FCCF /* CDVVibration.m in Sources */ = {isa = PBXBuildFile; fileRef = 1C161B052AB0474385D07CA5 /* CDVVibration.m */; };
/* End PBXBuildFile section */

/* Begin PBXContainerItemProxy section */
		301BF534109A57CC0062928A /* PBXContainerItemProxy */ = {
			isa = PBXContainerItemProxy;
			containerPortal = 301BF52D109A57CC0062928A /* CordovaLib.xcodeproj */;
			proxyType = 2;
			remoteGlobalIDString = D2AAC07E0554694100DB518D;
			remoteInfo = CordovaLib;
		};
		301BF550109A68C00062928A /* PBXContainerItemProxy */ = {
			isa = PBXContainerItemProxy;
			containerPortal = 301BF52D109A57CC0062928A /* CordovaLib.xcodeproj */;
			proxyType = 1;
			remoteGlobalIDString = D2AAC07D0554694100DB518D;
			remoteInfo = CordovaLib;
		};
/* End PBXContainerItemProxy section */

/* Begin PBXFileReference section */
		0207DA571B56EA530066E2B4 /* Images.xcassets */ = {isa = PBXFileReference; lastKnownFileType = folder.assetcatalog; name = Images.xcassets; path = "Stundenplan/Images.xcassets"; sourceTree = SOURCE_ROOT; };
		1D3623240D0F684500981E51 /* AppDelegate.h */ = {isa = PBXFileReference; fileEncoding = 4; lastKnownFileType = sourcecode.c.h; path = AppDelegate.h; sourceTree = "<group>"; };
		1D3623250D0F684500981E51 /* AppDelegate.m */ = {isa = PBXFileReference; fileEncoding = 4; lastKnownFileType = sourcecode.c.objc; path = AppDelegate.m; sourceTree = "<group>"; };
		1D6058910D05DD3D006BFB54 /* Stundenplan.app */ = {isa = PBXFileReference; explicitFileType = wrapper.application; includeInIndex = 0; path = "Stundenplan.app"; sourceTree = BUILT_PRODUCTS_DIR; };
		29B97316FDCFA39411CA2CEA /* main.m */ = {isa = PBXFileReference; fileEncoding = 4; lastKnownFileType = sourcecode.c.objc; path = main.m; sourceTree = "<group>"; };
		301BF52D109A57CC0062928A /* CordovaLib.xcodeproj */ = {isa = PBXFileReference; lastKnownFileType = "wrapper.pb-project"; name = CordovaLib.xcodeproj; path = CordovaLib/CordovaLib.xcodeproj; sourceTree = "<group>"; };
		301BF56E109A69640062928A /* www */ = {isa = PBXFileReference; lastKnownFileType = folder; path = www; sourceTree = SOURCE_ROOT; };
		302D95EE14D2391D003F00A1 /* MainViewController.h */ = {isa = PBXFileReference; fileEncoding = 4; lastKnownFileType = sourcecode.c.h; path = MainViewController.h; sourceTree = "<group>"; };
		302D95EF14D2391D003F00A1 /* MainViewController.m */ = {isa = PBXFileReference; fileEncoding = 4; lastKnownFileType = sourcecode.c.objc; path = MainViewController.m; sourceTree = "<group>"; };
		302D95F014D2391D003F00A1 /* MainViewController.xib */ = {isa = PBXFileReference; fileEncoding = 4; lastKnownFileType = file.xib; path = MainViewController.xib; sourceTree = "<group>"; };
		3047A50F1AB8059700498E2A /* build-debug.xcconfig */ = {isa = PBXFileReference; fileEncoding = 4; lastKnownFileType = text.xcconfig; name = "build-debug.xcconfig"; path = cordova/build-debug.xcconfig; sourceTree = SOURCE_ROOT; };
		3047A5101AB8059700498E2A /* build-release.xcconfig */ = {isa = PBXFileReference; fileEncoding = 4; lastKnownFileType = text.xcconfig; name = "build-release.xcconfig"; path = cordova/build-release.xcconfig; sourceTree = SOURCE_ROOT; };
		3047A5111AB8059700498E2A /* build.xcconfig */ = {isa = PBXFileReference; fileEncoding = 4; lastKnownFileType = text.xcconfig; name = build.xcconfig; path = cordova/build.xcconfig; sourceTree = SOURCE_ROOT; };
		32CA4F630368D1EE00C91783 /* Stundenplan-Prefix.pch */ = {isa = PBXFileReference; fileEncoding = 4; lastKnownFileType = sourcecode.c.h; path = "Stundenplan-Prefix.pch"; sourceTree = "<group>"; };
		6AFF5BF81D6E424B00AB3073 /* CDVLaunchScreen.storyboard */ = {isa = PBXFileReference; fileEncoding = 4; lastKnownFileType = file.storyboard; name = CDVLaunchScreen.storyboard; path = "Stundenplan/CDVLaunchScreen.storyboard"; sourceTree = SOURCE_ROOT; };
		8D1107310486CEB800E47090 /* Stundenplan-Info.plist */ = {isa = PBXFileReference; fileEncoding = 4; lastKnownFileType = text.plist.xml; name = "Stundenplan-Info.plist"; path = "Stundenplan/Stundenplan-Info.plist"; plistStructureDefinitionIdentifier = "com.apple.xcode.plist.structure-definition.iphone.info-plist"; sourceTree = SOURCE_ROOT; };
		EB87FDF31871DA8E0020F90C /* www */ = {isa = PBXFileReference; lastKnownFileType = folder; name = www; path = ../../www; sourceTree = "<group>"; };
		EB87FDF41871DAF40020F90C /* config.xml */ = {isa = PBXFileReference; lastKnownFileType = text.xml; name = config.xml; path = ../../config.xml; sourceTree = "<group>"; };
		F840E1F0165FE0F500CFE078 /* config.xml */ = {isa = PBXFileReference; lastKnownFileType = text.xml; name = config.xml; path = "Stundenplan/config.xml"; sourceTree = "<group>"; };
		ED33DF2A687741AEAF9F8254 /* Bridging-Header.h */ = {isa = PBXFileReference; fileEncoding = 4; lastKnownFileType = sourcecode.c.h; name = "Bridging-Header.h"; path = "Bridging-Header.h"; sourceTree = "<group>"; };
		7B9F11C878644870BB513EF0 /* CDVBattery.m */ = {isa = PBXFileReference; name = "CDVBattery.m"; path = "cordova-plugin-battery-status/CDVBattery.m"; sourceTree = "<group>"; fileEncoding = 4; lastKnownFileType = sourcecode.c.objc; explicitFileType = undefined; includeInIndex = 0; };
		DEC8BE1FA74C494C90617F1F /* CDVBattery.h */ = {isa = PBXFileReference; name = "CDVBattery.h"; path = "cordova-plugin-battery-status/CDVBattery.h"; sourceTree = "<group>"; fileEncoding = 4; lastKnownFileType = sourcecode.c.h; explicitFileType = undefined; includeInIndex = 0; };
		254B0FC8DDAE4338A706E749 /* UIImage+CropScaleOrientation.m */ = {isa = PBXFileReference; name = "UIImage+CropScaleOrientation.m"; path = "cordova-plugin-camera/UIImage+CropScaleOrientation.m"; sourceTree = "<group>"; fileEncoding = 4; lastKnownFileType = sourcecode.c.objc; explicitFileType = undefined; includeInIndex = 0; };
		EA4AF55C6B3F40D890D5E9E1 /* CDVCamera.m */ = {isa = PBXFileReference; name = "CDVCamera.m"; path = "cordova-plugin-camera/CDVCamera.m"; sourceTree = "<group>"; fileEncoding = 4; lastKnownFileType = sourcecode.c.objc; explicitFileType = undefined; includeInIndex = 0; };
		85B8F50BDF324ECFAD4C288B /* CDVJpegHeaderWriter.m */ = {isa = PBXFileReference; name = "CDVJpegHeaderWriter.m"; path = "cordova-plugin-camera/CDVJpegHeaderWriter.m"; sourceTree = "<group>"; fileEncoding = 4; lastKnownFileType = sourcecode.c.objc; explicitFileType = undefined; includeInIndex = 0; };
		36394C71FC9A4FF0B725A462 /* UIImage+CropScaleOrientation.h */ = {isa = PBXFileReference; name = "UIImage+CropScaleOrientation.h"; path = "cordova-plugin-camera/UIImage+CropScaleOrientation.h"; sourceTree = "<group>"; fileEncoding = 4; lastKnownFileType = sourcecode.c.h; explicitFileType = undefined; includeInIndex = 0; };
		5B264886FE51433386619076 /* CDVCamera.h */ = {isa = PBXFileReference; name = "CDVCamera.h"; path = "cordova-plugin-camera/CDVCamera.h"; sourceTree = "<group>"; fileEncoding = 4; lastKnownFileType = sourcecode.c.h; explicitFileType = undefined; includeInIndex = 0; };
		350EF97ED04049F8B437892E /* CDVJpegHeaderWriter.h */ = {isa = PBXFileReference; name = "CDVJpegHeaderWriter.h"; path = "cordova-plugin-camera/CDVJpegHeaderWriter.h"; sourceTree = "<group>"; fileEncoding = 4; lastKnownFileType = sourcecode.c.h; explicitFileType = undefined; includeInIndex = 0; };
		49AD0AE16909424DA3053FC6 /* CDVExif.h */ = {isa = PBXFileReference; name = "CDVExif.h"; path = "cordova-plugin-camera/CDVExif.h"; sourceTree = "<group>"; fileEncoding = 4; lastKnownFileType = sourcecode.c.h; explicitFileType = undefined; includeInIndex = 0; };
		F8865DEF87BC42968D52B961 /* ImageIO.framework */ = {isa = PBXFileReference; name = "ImageIO.framework"; path = "System/Library/Frameworks/ImageIO.framework"; sourceTree = SDKROOT; fileEncoding = undefined; lastKnownFileType = wrapper.framework; explicitFileType = undefined; includeInIndex = 0; };
		6D7F141842D54DD5AED05AD7 /* CoreLocation.framework */ = {isa = PBXFileReference; name = "CoreLocation.framework"; path = "System/Library/Frameworks/CoreLocation.framework"; sourceTree = SDKROOT; fileEncoding = undefined; lastKnownFileType = wrapper.framework; explicitFileType = undefined; includeInIndex = 0; };
		BB789B25FD8042BEA19FB1F2 /* AVFoundation.framework */ = {isa = PBXFileReference; name = "AVFoundation.framework"; path = "System/Library/Frameworks/AVFoundation.framework"; sourceTree = SDKROOT; fileEncoding = undefined; lastKnownFileType = wrapper.framework; explicitFileType = undefined; includeInIndex = 0; };
		3AA81437CCAB4A6881E1A51A /* CDVLogger.m */ = {isa = PBXFileReference; name = "CDVLogger.m"; path = "cordova-plugin-console/CDVLogger.m"; sourceTree = "<group>"; fileEncoding = 4; lastKnownFileType = sourcecode.c.objc; explicitFileType = undefined; includeInIndex = 0; };
		85636B3C01E14E2580FC7A77 /* CDVLogger.h */ = {isa = PBXFileReference; name = "CDVLogger.h"; path = "cordova-plugin-console/CDVLogger.h"; sourceTree = "<group>"; fileEncoding = 4; lastKnownFileType = sourcecode.c.h; explicitFileType = undefined; includeInIndex = 0; };
		D1DB98BCD4924FE2996D0DC0 /* CDVContacts.m */ = {isa = PBXFileReference; name = "CDVContacts.m"; path = "cordova-plugin-contacts/CDVContacts.m"; sourceTree = "<group>"; fileEncoding = 4; lastKnownFileType = sourcecode.c.objc; explicitFileType = undefined; includeInIndex = 0; };
		181E5D2B60F142DCB1F64B0B /* CDVContact.m */ = {isa = PBXFileReference; name = "CDVContact.m"; path = "cordova-plugin-contacts/CDVContact.m"; sourceTree = "<group>"; fileEncoding = 4; lastKnownFileType = sourcecode.c.objc; explicitFileType = undefined; includeInIndex = 0; };
		5850C996415349C79697C6CE /* CDVContacts.h */ = {isa = PBXFileReference; name = "CDVContacts.h"; path = "cordova-plugin-contacts/CDVContacts.h"; sourceTree = "<group>"; fileEncoding = 4; lastKnownFileType = sourcecode.c.h; explicitFileType = undefined; includeInIndex = 0; };
		701CA060ACE64DC8AC770D6D /* CDVContact.h */ = {isa = PBXFileReference; name = "CDVContact.h"; path = "cordova-plugin-contacts/CDVContact.h"; sourceTree = "<group>"; fileEncoding = 4; lastKnownFileType = sourcecode.c.h; explicitFileType = undefined; includeInIndex = 0; };
		EB7C36B3E1864C3FA0CDB26B /* AddressBook.framework */ = {isa = PBXFileReference; name = "AddressBook.framework"; path = "System/Library/Frameworks/AddressBook.framework"; sourceTree = SDKROOT; fileEncoding = undefined; lastKnownFileType = wrapper.framework; explicitFileType = undefined; includeInIndex = 0; };
		07409595748E4EAC9900038A /* AddressBookUI.framework */ = {isa = PBXFileReference; name = "AddressBookUI.framework"; path = "System/Library/Frameworks/AddressBookUI.framework"; sourceTree = SDKROOT; fileEncoding = undefined; lastKnownFileType = wrapper.framework; explicitFileType = undefined; includeInIndex = 0; };
		CCDAB7AE3F4843CEBBF08B1F /* CDVDevice.m */ = {isa = PBXFileReference; name = "CDVDevice.m"; path = "cordova-plugin-device/CDVDevice.m"; sourceTree = "<group>"; fileEncoding = 4; lastKnownFileType = sourcecode.c.objc; explicitFileType = undefined; includeInIndex = 0; };
		BE6F0017E96A4349829757C7 /* CDVDevice.h */ = {isa = PBXFileReference; name = "CDVDevice.h"; path = "cordova-plugin-device/CDVDevice.h"; sourceTree = "<group>"; fileEncoding = 4; lastKnownFileType = sourcecode.c.h; explicitFileType = undefined; includeInIndex = 0; };
		17A12A1D762249D8BE7D387C /* libz.tbd */ = {isa = PBXFileReference; name = "libz.tbd"; path = "usr/lib/libz.tbd"; sourceTree = SDKROOT; fileEncoding = undefined; lastKnownFileType = sourcecode.text-based-dylib-definition; explicitFileType = undefined; includeInIndex = 0; };
		D5ABB4D16B3247AB8B398DE7 /* CDVAccelerometer.m */ = {isa = PBXFileReference; name = "CDVAccelerometer.m"; path = "cordova-plugin-device-motion/CDVAccelerometer.m"; sourceTree = "<group>"; fileEncoding = 4; lastKnownFileType = sourcecode.c.objc; explicitFileType = undefined; includeInIndex = 0; };
		013B98C336514A86B7B17F92 /* CDVAccelerometer.h */ = {isa = PBXFileReference; name = "CDVAccelerometer.h"; path = "cordova-plugin-device-motion/CDVAccelerometer.h"; sourceTree = "<group>"; fileEncoding = 4; lastKnownFileType = sourcecode.c.h; explicitFileType = undefined; includeInIndex = 0; };
		A32DFDDFBFD34DD8B556E912 /* CoreMotion.framework */ = {isa = PBXFileReference; name = "CoreMotion.framework"; path = "System/Library/Frameworks/CoreMotion.framework"; sourceTree = SDKROOT; fileEncoding = undefined; lastKnownFileType = wrapper.framework; explicitFileType = undefined; includeInIndex = 0; };
		1367D01C4FE9429EA3E211FB /* CDVCompass.m */ = {isa = PBXFileReference; name = "CDVCompass.m"; path = "cordova-plugin-device-orientation/CDVCompass.m"; sourceTree = "<group>"; fileEncoding = 4; lastKnownFileType = sourcecode.c.objc; explicitFileType = undefined; includeInIndex = 0; };
		39B753DF934E4C2592CC238A /* CDVCompass.h */ = {isa = PBXFileReference; name = "CDVCompass.h"; path = "cordova-plugin-device-orientation/CDVCompass.h"; sourceTree = "<group>"; fileEncoding = 4; lastKnownFileType = sourcecode.c.h; explicitFileType = undefined; includeInIndex = 0; };
		BF2C3ED8A20344CE911AB695 /* CDVNotification.m */ = {isa = PBXFileReference; name = "CDVNotification.m"; path = "cordova-plugin-dialogs/CDVNotification.m"; sourceTree = "<group>"; fileEncoding = 4; lastKnownFileType = sourcecode.c.objc; explicitFileType = undefined; includeInIndex = 0; };
		7106A1E801A145AE835835DA /* CDVNotification.h */ = {isa = PBXFileReference; name = "CDVNotification.h"; path = "cordova-plugin-dialogs/CDVNotification.h"; sourceTree = "<group>"; fileEncoding = 4; lastKnownFileType = sourcecode.c.h; explicitFileType = undefined; includeInIndex = 0; };
		ED34D37AA3AE48A3A4700B2E /* CDVNotification.bundle */ = {isa = PBXFileReference; name = "CDVNotification.bundle"; path = "CDVNotification.bundle"; sourceTree = "<group>"; fileEncoding = undefined; lastKnownFileType = wrapper.plug-in; explicitFileType = undefined; includeInIndex = 0; };
		2D8006940946469DAE8DA02E /* AudioToolbox.framework */ = {isa = PBXFileReference; name = "AudioToolbox.framework"; path = "System/Library/Frameworks/AudioToolbox.framework"; sourceTree = SDKROOT; fileEncoding = undefined; lastKnownFileType = wrapper.framework; explicitFileType = undefined; includeInIndex = 0; };
		9EAAA272F2BC4DE8A29037B3 /* CDVFile.m */ = {isa = PBXFileReference; name = "CDVFile.m"; path = "cordova-plugin-file/CDVFile.m"; sourceTree = "<group>"; fileEncoding = 4; lastKnownFileType = sourcecode.c.objc; explicitFileType = undefined; includeInIndex = 0; };
		F03261D9D95142F396A10FE9 /* CDVLocalFilesystem.m */ = {isa = PBXFileReference; name = "CDVLocalFilesystem.m"; path = "cordova-plugin-file/CDVLocalFilesystem.m"; sourceTree = "<group>"; fileEncoding = 4; lastKnownFileType = sourcecode.c.objc; explicitFileType = undefined; includeInIndex = 0; };
		3CA973BE62984612BB76B118 /* CDVAssetLibraryFilesystem.m */ = {isa = PBXFileReference; name = "CDVAssetLibraryFilesystem.m"; path = "cordova-plugin-file/CDVAssetLibraryFilesystem.m"; sourceTree = "<group>"; fileEncoding = 4; lastKnownFileType = sourcecode.c.objc; explicitFileType = undefined; includeInIndex = 0; };
		F72EB8EF77494EA0AADD7BE4 /* CDVFile.h */ = {isa = PBXFileReference; name = "CDVFile.h"; path = "cordova-plugin-file/CDVFile.h"; sourceTree = "<group>"; fileEncoding = 4; lastKnownFileType = sourcecode.c.h; explicitFileType = undefined; includeInIndex = 0; };
		AF412A4C7326475FA414EF7E /* CDVLocalFilesystem.h */ = {isa = PBXFileReference; name = "CDVLocalFilesystem.h"; path = "cordova-plugin-file/CDVLocalFilesystem.h"; sourceTree = "<group>"; fileEncoding = 4; lastKnownFileType = sourcecode.c.h; explicitFileType = undefined; includeInIndex = 0; };
		B101458659D441E3A4703CA5 /* CDVAssetLibraryFilesystem.h */ = {isa = PBXFileReference; name = "CDVAssetLibraryFilesystem.h"; path = "cordova-plugin-file/CDVAssetLibraryFilesystem.h"; sourceTree = "<group>"; fileEncoding = 4; lastKnownFileType = sourcecode.c.h; explicitFileType = undefined; includeInIndex = 0; };
		818EE508BE074AD6A23753B5 /* CDVFileTransfer.m */ = {isa = PBXFileReference; name = "CDVFileTransfer.m"; path = "cordova-plugin-file-transfer/CDVFileTransfer.m"; sourceTree = "<group>"; fileEncoding = 4; lastKnownFileType = sourcecode.c.objc; explicitFileType = undefined; includeInIndex = 0; };
		3730A802465346DF803C7D5F /* CDVFileTransfer.h */ = {isa = PBXFileReference; name = "CDVFileTransfer.h"; path = "cordova-plugin-file-transfer/CDVFileTransfer.h"; sourceTree = "<group>"; fileEncoding = 4; lastKnownFileType = sourcecode.c.h; explicitFileType = undefined; includeInIndex = 0; };
		DAAE7EA009E4488992C16500 /* CDVLocation.m */ = {isa = PBXFileReference; name = "CDVLocation.m"; path = "cordova-plugin-geolocation/CDVLocation.m"; sourceTree = "<group>"; fileEncoding = 4; lastKnownFileType = sourcecode.c.objc; explicitFileType = undefined; includeInIndex = 0; };
		E45FAE3AE4324E26ACF05B8E /* CDVLocation.h */ = {isa = PBXFileReference; name = "CDVLocation.h"; path = "cordova-plugin-geolocation/CDVLocation.h"; sourceTree = "<group>"; fileEncoding = 4; lastKnownFileType = sourcecode.c.h; explicitFileType = undefined; includeInIndex = 0; };
		8E34EEB73559432CB83590FC /* CDVGlobalization.m */ = {isa = PBXFileReference; name = "CDVGlobalization.m"; path = "cordova-plugin-globalization/CDVGlobalization.m"; sourceTree = "<group>"; fileEncoding = 4; lastKnownFileType = sourcecode.c.objc; explicitFileType = undefined; includeInIndex = 0; };
		E6C2D767AC9F4292BB506070 /* CDVGlobalization.h */ = {isa = PBXFileReference; name = "CDVGlobalization.h"; path = "cordova-plugin-globalization/CDVGlobalization.h"; sourceTree = "<group>"; fileEncoding = 4; lastKnownFileType = sourcecode.c.h; explicitFileType = undefined; includeInIndex = 0; };
		CAB1192D3D0A47369AF5D572 /* CDVInAppBrowser.m */ = {isa = PBXFileReference; name = "CDVInAppBrowser.m"; path = "cordova-plugin-inappbrowser/CDVInAppBrowser.m"; sourceTree = "<group>"; fileEncoding = 4; lastKnownFileType = sourcecode.c.objc; explicitFileType = undefined; includeInIndex = 0; };
		D31A1310D38B4D1BB4C45181 /* CDVInAppBrowser.h */ = {isa = PBXFileReference; name = "CDVInAppBrowser.h"; path = "cordova-plugin-inappbrowser/CDVInAppBrowser.h"; sourceTree = "<group>"; fileEncoding = 4; lastKnownFileType = sourcecode.c.h; explicitFileType = undefined; includeInIndex = 0; };
		6C1BB8EE5E2A4B3DB8705299 /* CDVSound.m */ = {isa = PBXFileReference; name = "CDVSound.m"; path = "cordova-plugin-media/CDVSound.m"; sourceTree = "<group>"; fileEncoding = 4; lastKnownFileType = sourcecode.c.objc; explicitFileType = undefined; includeInIndex = 0; };
		74D1068BACE947E7B1AD2F1B /* CDVSound.h */ = {isa = PBXFileReference; name = "CDVSound.h"; path = "cordova-plugin-media/CDVSound.h"; sourceTree = "<group>"; fileEncoding = 4; lastKnownFileType = sourcecode.c.h; explicitFileType = undefined; includeInIndex = 0; };
		12632020A3B9432A8FAFA052 /* CDVCapture.m */ = {isa = PBXFileReference; name = "CDVCapture.m"; path = "cordova-plugin-media-capture/CDVCapture.m"; sourceTree = "<group>"; fileEncoding = 4; lastKnownFileType = sourcecode.c.objc; explicitFileType = undefined; includeInIndex = 0; };
		441E63530790435F88694C08 /* CDVCapture.h */ = {isa = PBXFileReference; name = "CDVCapture.h"; path = "cordova-plugin-media-capture/CDVCapture.h"; sourceTree = "<group>"; fileEncoding = 4; lastKnownFileType = sourcecode.c.h; explicitFileType = undefined; includeInIndex = 0; };
		502275559F3142F2A201E6CE /* CDVCapture.bundle */ = {isa = PBXFileReference; name = "CDVCapture.bundle"; path = "CDVCapture.bundle"; sourceTree = "<group>"; fileEncoding = undefined; lastKnownFileType = wrapper.plug-in; explicitFileType = undefined; includeInIndex = 0; };
		048E8A719D3E4E6F88D91617 /* CDVConnection.m */ = {isa = PBXFileReference; name = "CDVConnection.m"; path = "cordova-plugin-network-information/CDVConnection.m"; sourceTree = "<group>"; fileEncoding = 4; lastKnownFileType = sourcecode.c.objc; explicitFileType = undefined; includeInIndex = 0; };
		39C751063E8441A3901481BB /* CDVReachability.m */ = {isa = PBXFileReference; name = "CDVReachability.m"; path = "cordova-plugin-network-information/CDVReachability.m"; sourceTree = "<group>"; fileEncoding = 4; lastKnownFileType = sourcecode.c.objc; explicitFileType = undefined; includeInIndex = 0; };
		5C6E1B2CACEB484D80BCEC69 /* CDVConnection.h */ = {isa = PBXFileReference; name = "CDVConnection.h"; path = "cordova-plugin-network-information/CDVConnection.h"; sourceTree = "<group>"; fileEncoding = 4; lastKnownFileType = sourcecode.c.h; explicitFileType = undefined; includeInIndex = 0; };
		03A9980BFCD245918B65557F /* CDVReachability.h */ = {isa = PBXFileReference; name = "CDVReachability.h"; path = "cordova-plugin-network-information/CDVReachability.h"; sourceTree = "<group>"; fileEncoding = 4; lastKnownFileType = sourcecode.c.h; explicitFileType = undefined; includeInIndex = 0; };
		49817D66512F4292A5C10FD9 /* SystemConfiguration.framework */ = {isa = PBXFileReference; name = "SystemConfiguration.framework"; path = "System/Library/Frameworks/SystemConfiguration.framework"; sourceTree = SDKROOT; fileEncoding = undefined; lastKnownFileType = wrapper.framework; explicitFileType = undefined; includeInIndex = 0; };
		E478ED6A980F43438B3EF91D /* CoreTelephony.framework */ = {isa = PBXFileReference; name = "CoreTelephony.framework"; path = "System/Library/Frameworks/CoreTelephony.framework"; sourceTree = SDKROOT; fileEncoding = undefined; lastKnownFileType = wrapper.framework; explicitFileType = undefined; includeInIndex = 0; };
		6A481239FC4E41D6AF6B4C6E /* CDVSplashScreen.m */ = {isa = PBXFileReference; name = "CDVSplashScreen.m"; path = "cordova-plugin-splashscreen/CDVSplashScreen.m"; sourceTree = "<group>"; fileEncoding = 4; lastKnownFileType = sourcecode.c.objc; explicitFileType = undefined; includeInIndex = 0; };
		056131B0661641F4AF1B9D0E /* CDVViewController+SplashScreen.m */ = {isa = PBXFileReference; name = "CDVViewController+SplashScreen.m"; path = "cordova-plugin-splashscreen/CDVViewController+SplashScreen.m"; sourceTree = "<group>"; fileEncoding = 4; lastKnownFileType = sourcecode.c.objc; explicitFileType = undefined; includeInIndex = 0; };
		EBA96664227246B49509A252 /* CDVSplashScreen.h */ = {isa = PBXFileReference; name = "CDVSplashScreen.h"; path = "cordova-plugin-splashscreen/CDVSplashScreen.h"; sourceTree = "<group>"; fileEncoding = 4; lastKnownFileType = sourcecode.c.h; explicitFileType = undefined; includeInIndex = 0; };
		870FC04C5A3B4AB9A6B21E8D /* CDVViewController+SplashScreen.h */ = {isa = PBXFileReference; name = "CDVViewController+SplashScreen.h"; path = "cordova-plugin-splashscreen/CDVViewController+SplashScreen.h"; sourceTree = "<group>"; fileEncoding = 4; lastKnownFileType = sourcecode.c.h; explicitFileType = undefined; includeInIndex = 0; };
		6649BC4DC27D4627955CC84D /* CDVStatusBar.m */ = {isa = PBXFileReference; name = "CDVStatusBar.m"; path = "cordova-plugin-statusbar/CDVStatusBar.m"; sourceTree = "<group>"; fileEncoding = 4; lastKnownFileType = sourcecode.c.objc; explicitFileType = undefined; includeInIndex = 0; };
		97E6E0412F1A4F569295C36E /* CDVStatusBar.h */ = {isa = PBXFileReference; name = "CDVStatusBar.h"; path = "cordova-plugin-statusbar/CDVStatusBar.h"; sourceTree = "<group>"; fileEncoding = 4; lastKnownFileType = sourcecode.c.h; explicitFileType = undefined; includeInIndex = 0; };
		1C161B052AB0474385D07CA5 /* CDVVibration.m */ = {isa = PBXFileReference; name = "CDVVibration.m"; path = "cordova-plugin-vibration/CDVVibration.m"; sourceTree = "<group>"; fileEncoding = 4; lastKnownFileType = sourcecode.c.objc; explicitFileType = undefined; includeInIndex = 0; };
		95D83FC912544185B4BAE4BB /* CDVVibration.h */ = {isa = PBXFileReference; name = "CDVVibration.h"; path = "cordova-plugin-vibration/CDVVibration.h"; sourceTree = "<group>"; fileEncoding = 4; lastKnownFileType = sourcecode.c.h; explicitFileType = undefined; includeInIndex = 0; };
/* End PBXFileReference section */

/* Begin PBXFrameworksBuildPhase section */
		1D60588F0D05DD3D006BFB54 /* Frameworks */ = {
			isa = PBXFrameworksBuildPhase;
			buildActionMask = 2147483647;
			files = (
				301BF552109A68D80062928A /* libCordova.a in Frameworks */,
				916F5F62D89D410D8D496C8B /* ImageIO.framework in Frameworks */,
				B475D9807A1D4FF6A9AEAFAE /* CoreLocation.framework in Frameworks */,
				97E5E906BCBD4FB7A2AC563D /* AVFoundation.framework in Frameworks */,
				3E6FBF61F63048088C559830 /* AddressBook.framework in Frameworks */,
				1AC99755203F49EAB94614FF /* AddressBookUI.framework in Frameworks */,
				BDC52B3D52DC4D8C809B46A0 /* libz.tbd in Frameworks */,
				7B875E0A9E724B3C9EB5C604 /* CoreMotion.framework in Frameworks */,
				24AC776AB2704B04968EE559 /* AudioToolbox.framework in Frameworks */,
				03F9DC77A90A478AA8F9E83E /* SystemConfiguration.framework in Frameworks */,
				21B634A82B994451AEBB3803 /* CoreTelephony.framework in Frameworks */,
			);
			runOnlyForDeploymentPostprocessing = 0;
		};
/* End PBXFrameworksBuildPhase section */

/* Begin PBXGroup section */
		080E96DDFE201D6D7F000001 /* Classes */ = {
			isa = PBXGroup;
			children = (
				302D95EE14D2391D003F00A1 /* MainViewController.h */,
				302D95EF14D2391D003F00A1 /* MainViewController.m */,
				302D95F014D2391D003F00A1 /* MainViewController.xib */,
				1D3623240D0F684500981E51 /* AppDelegate.h */,
				1D3623250D0F684500981E51 /* AppDelegate.m */,
			);
			name = Classes;
			path = "Stundenplan/Classes";
			sourceTree = SOURCE_ROOT;
		};
		19C28FACFE9D520D11CA2CBB /* Products */ = {
			isa = PBXGroup;
			children = (
				1D6058910D05DD3D006BFB54 /* Stundenplan.app */,
			);
			name = Products;
			sourceTree = "<group>";
		};
		29B97314FDCFA39411CA2CEA /* CustomTemplate */ = {
			isa = PBXGroup;
			children = (
				EB87FDF41871DAF40020F90C /* config.xml */,
				EB87FDF31871DA8E0020F90C /* www */,
				EB87FDF11871DA420020F90C /* Staging */,
				301BF52D109A57CC0062928A /* CordovaLib.xcodeproj */,
				080E96DDFE201D6D7F000001 /* Classes */,
				307C750510C5A3420062BCA9 /* Plugins */,
				29B97315FDCFA39411CA2CEA /* Other Sources */,
				29B97317FDCFA39411CA2CEA /* Resources */,
				29B97323FDCFA39411CA2CEA /* Frameworks */,
				19C28FACFE9D520D11CA2CBB /* Products */,
			);
			name = CustomTemplate;
			sourceTree = "<group>";
		};
		29B97315FDCFA39411CA2CEA /* Other Sources */ = {
			isa = PBXGroup;
			children = (
				32CA4F630368D1EE00C91783 /* Stundenplan-Prefix.pch */,
				29B97316FDCFA39411CA2CEA /* main.m */,
				ED33DF2A687741AEAF9F8254 /* Bridging-Header.h */,
			);
			name = "Other Sources";
			path = "Stundenplan";
			sourceTree = "<group>";
		};
		29B97317FDCFA39411CA2CEA /* Resources */ = {
			isa = PBXGroup;
			children = (
				0207DA571B56EA530066E2B4 /* Images.xcassets */,
				3047A50E1AB8057F00498E2A /* config */,
				8D1107310486CEB800E47090 /* Stundenplan-Info.plist */,
				6AFF5BF81D6E424B00AB3073 /* CDVLaunchScreen.storyboard */,
				ED34D37AA3AE48A3A4700B2E /* CDVNotification.bundle */,
				502275559F3142F2A201E6CE /* CDVCapture.bundle */,
			);
			name = Resources;
			path = "Stundenplan/Resources";
			sourceTree = "<group>";
		};
		29B97323FDCFA39411CA2CEA /* Frameworks */ = {
			isa = PBXGroup;
			children = (
				F8865DEF87BC42968D52B961 /* ImageIO.framework */,
				6D7F141842D54DD5AED05AD7 /* CoreLocation.framework */,
				BB789B25FD8042BEA19FB1F2 /* AVFoundation.framework */,
				EB7C36B3E1864C3FA0CDB26B /* AddressBook.framework */,
				07409595748E4EAC9900038A /* AddressBookUI.framework */,
				17A12A1D762249D8BE7D387C /* libz.tbd */,
				A32DFDDFBFD34DD8B556E912 /* CoreMotion.framework */,
				2D8006940946469DAE8DA02E /* AudioToolbox.framework */,
				49817D66512F4292A5C10FD9 /* SystemConfiguration.framework */,
				E478ED6A980F43438B3EF91D /* CoreTelephony.framework */,
			);
			name = Frameworks;
			sourceTree = "<group>";
		};
		301BF52E109A57CC0062928A /* Products */ = {
			isa = PBXGroup;
			children = (
				301BF535109A57CC0062928A /* libCordova.a */,
			);
			name = Products;
			sourceTree = "<group>";
		};
		3047A50E1AB8057F00498E2A /* config */ = {
			isa = PBXGroup;
			children = (
				3047A50F1AB8059700498E2A /* build-debug.xcconfig */,
				3047A5101AB8059700498E2A /* build-release.xcconfig */,
				3047A5111AB8059700498E2A /* build.xcconfig */,
			);
			name = config;
			sourceTree = "<group>";
		};
		307C750510C5A3420062BCA9 /* Plugins */ = {
			isa = PBXGroup;
			children = (
				7B9F11C878644870BB513EF0 /* CDVBattery.m */,
				DEC8BE1FA74C494C90617F1F /* CDVBattery.h */,
				254B0FC8DDAE4338A706E749 /* UIImage+CropScaleOrientation.m */,
				EA4AF55C6B3F40D890D5E9E1 /* CDVCamera.m */,
				85B8F50BDF324ECFAD4C288B /* CDVJpegHeaderWriter.m */,
				36394C71FC9A4FF0B725A462 /* UIImage+CropScaleOrientation.h */,
				5B264886FE51433386619076 /* CDVCamera.h */,
				350EF97ED04049F8B437892E /* CDVJpegHeaderWriter.h */,
				49AD0AE16909424DA3053FC6 /* CDVExif.h */,
				3AA81437CCAB4A6881E1A51A /* CDVLogger.m */,
				85636B3C01E14E2580FC7A77 /* CDVLogger.h */,
				D1DB98BCD4924FE2996D0DC0 /* CDVContacts.m */,
				181E5D2B60F142DCB1F64B0B /* CDVContact.m */,
				5850C996415349C79697C6CE /* CDVContacts.h */,
				701CA060ACE64DC8AC770D6D /* CDVContact.h */,
				CCDAB7AE3F4843CEBBF08B1F /* CDVDevice.m */,
				BE6F0017E96A4349829757C7 /* CDVDevice.h */,
				D5ABB4D16B3247AB8B398DE7 /* CDVAccelerometer.m */,
				013B98C336514A86B7B17F92 /* CDVAccelerometer.h */,
				1367D01C4FE9429EA3E211FB /* CDVCompass.m */,
				39B753DF934E4C2592CC238A /* CDVCompass.h */,
				BF2C3ED8A20344CE911AB695 /* CDVNotification.m */,
				7106A1E801A145AE835835DA /* CDVNotification.h */,
				9EAAA272F2BC4DE8A29037B3 /* CDVFile.m */,
				F03261D9D95142F396A10FE9 /* CDVLocalFilesystem.m */,
				3CA973BE62984612BB76B118 /* CDVAssetLibraryFilesystem.m */,
				F72EB8EF77494EA0AADD7BE4 /* CDVFile.h */,
				AF412A4C7326475FA414EF7E /* CDVLocalFilesystem.h */,
				B101458659D441E3A4703CA5 /* CDVAssetLibraryFilesystem.h */,
				818EE508BE074AD6A23753B5 /* CDVFileTransfer.m */,
				3730A802465346DF803C7D5F /* CDVFileTransfer.h */,
				DAAE7EA009E4488992C16500 /* CDVLocation.m */,
				E45FAE3AE4324E26ACF05B8E /* CDVLocation.h */,
				8E34EEB73559432CB83590FC /* CDVGlobalization.m */,
				E6C2D767AC9F4292BB506070 /* CDVGlobalization.h */,
				CAB1192D3D0A47369AF5D572 /* CDVInAppBrowser.m */,
				D31A1310D38B4D1BB4C45181 /* CDVInAppBrowser.h */,
				6C1BB8EE5E2A4B3DB8705299 /* CDVSound.m */,
				74D1068BACE947E7B1AD2F1B /* CDVSound.h */,
				12632020A3B9432A8FAFA052 /* CDVCapture.m */,
				441E63530790435F88694C08 /* CDVCapture.h */,
				048E8A719D3E4E6F88D91617 /* CDVConnection.m */,
				39C751063E8441A3901481BB /* CDVReachability.m */,
				5C6E1B2CACEB484D80BCEC69 /* CDVConnection.h */,
				03A9980BFCD245918B65557F /* CDVReachability.h */,
				6A481239FC4E41D6AF6B4C6E /* CDVSplashScreen.m */,
				056131B0661641F4AF1B9D0E /* CDVViewController+SplashScreen.m */,
				EBA96664227246B49509A252 /* CDVSplashScreen.h */,
				870FC04C5A3B4AB9A6B21E8D /* CDVViewController+SplashScreen.h */,
				6649BC4DC27D4627955CC84D /* CDVStatusBar.m */,
				97E6E0412F1A4F569295C36E /* CDVStatusBar.h */,
				1C161B052AB0474385D07CA5 /* CDVVibration.m */,
				95D83FC912544185B4BAE4BB /* CDVVibration.h */,
			);
			name = Plugins;
			path = "Stundenplan/Plugins";
			sourceTree = SOURCE_ROOT;
		};
		EB87FDF11871DA420020F90C /* Staging */ = {
			isa = PBXGroup;
			children = (
				F840E1F0165FE0F500CFE078 /* config.xml */,
				301BF56E109A69640062928A /* www */,
			);
			name = Staging;
			sourceTree = "<group>";
		};
/* End PBXGroup section */

/* Begin PBXNativeTarget section */
		1D6058900D05DD3D006BFB54 /* Stundenplan */ = {
			isa = PBXNativeTarget;
			buildConfigurationList = 1D6058960D05DD3E006BFB54 /* Build configuration list for PBXNativeTarget "Stundenplan" */;
			buildPhases = (
				304B58A110DAC018002A0835 /* Copy www directory */,
				1D60588D0D05DD3D006BFB54 /* Resources */,
				1D60588E0D05DD3D006BFB54 /* Sources */,
				1D60588F0D05DD3D006BFB54 /* Frameworks */,
			);
			buildRules = (
			);
			dependencies = (
				301BF551109A68C00062928A /* PBXTargetDependency */,
			);
			name = "Stundenplan";
			productName = "Stundenplan";
			productReference = 1D6058910D05DD3D006BFB54 /* Stundenplan.app */;
			productType = "com.apple.product-type.application";
		};
/* End PBXNativeTarget section */

/* Begin PBXProject section */
		29B97313FDCFA39411CA2CEA /* Project object */ = {
			isa = PBXProject;
			attributes = {
				LastUpgradeCheck = 510;
			};
			buildConfigurationList = C01FCF4E08A954540054247B /* Build configuration list for PBXProject "__NON-CLI__" */;
			compatibilityVersion = "Xcode 3.2";
			developmentRegion = English;
			hasScannedForEncodings = 1;
			mainGroup = 29B97314FDCFA39411CA2CEA /* CustomTemplate */;
			projectDirPath = "";
			projectReferences = (
				{
					ProductGroup = 301BF52E109A57CC0062928A /* Products */;
					ProjectRef = 301BF52D109A57CC0062928A /* CordovaLib.xcodeproj */;
				},
			);
			projectRoot = "";
			targets = (
				1D6058900D05DD3D006BFB54 /* Stundenplan */,
			);
		};
/* End PBXProject section */

/* Begin PBXReferenceProxy section */
		301BF535109A57CC0062928A /* libCordova.a */ = {
			isa = PBXReferenceProxy;
			fileType = archive.ar;
			path = libCordova.a;
			remoteRef = 301BF534109A57CC0062928A /* PBXContainerItemProxy */;
			sourceTree = BUILT_PRODUCTS_DIR;
		};
/* End PBXReferenceProxy section */

/* Begin PBXResourcesBuildPhase section */
		1D60588D0D05DD3D006BFB54 /* Resources */ = {
			isa = PBXResourcesBuildPhase;
			buildActionMask = 2147483647;
			files = (
				302D95F214D2391D003F00A1 /* MainViewController.xib in Resources */,
				0207DA581B56EA530066E2B4 /* Images.xcassets in Resources */,
				6AFF5BF91D6E424B00AB3073 /* CDVLaunchScreen.storyboard in Resources */,
				7C8090727ADC45859FFD6182 /* CDVNotification.bundle in Resources */,
				99A6A7F77E224ECABA2E04A0 /* CDVCapture.bundle in Resources */,
			);
			runOnlyForDeploymentPostprocessing = 0;
		};
/* End PBXResourcesBuildPhase section */

/* Begin PBXShellScriptBuildPhase section */
		304B58A110DAC018002A0835 /* Copy www directory */ = {
			isa = PBXShellScriptBuildPhase;
			buildActionMask = 2147483647;
			files = (
			);
			inputPaths = (
			);
			name = "Copy www directory";
			outputPaths = (
			);
			runOnlyForDeploymentPostprocessing = 0;
			shellPath = /bin/sh;
			shellScript = "NODEJS_PATH=/usr/local/bin; NVM_NODE_PATH=~/.nvm/versions/node/`nvm version 2>/dev/null`/bin; N_NODE_PATH=`find /usr/local/n/versions/node/* -maxdepth 0 -type d 2>/dev/null | tail -1`/bin; XCODE_NODE_PATH=`xcode-select --print-path`/usr/share/xcs/Node/bin; PATH=$NODEJS_PATH:$NVM_NODE_PATH:$N_NODE_PATH:$XCODE_NODE_PATH:$PATH && node cordova/lib/copy-www-build-step.js";
			showEnvVarsInLog = 0;
		};
/* End PBXShellScriptBuildPhase section */

/* Begin PBXSourcesBuildPhase section */
		1D60588E0D05DD3D006BFB54 /* Sources */ = {
			isa = PBXSourcesBuildPhase;
			buildActionMask = 2147483647;
			files = (
				1D60589B0D05DD56006BFB54 /* main.m in Sources */,
				1D3623260D0F684500981E51 /* AppDelegate.m in Sources */,
				302D95F114D2391D003F00A1 /* MainViewController.m in Sources */,
				08DC2EA2A8754B09A8443AC0 /* CDVBattery.m in Sources */,
				8113BA485E394DB78AC606F9 /* UIImage+CropScaleOrientation.m in Sources */,
				0127E1C94F4E43A29C777FA0 /* CDVCamera.m in Sources */,
				FC5224FC59F247058BCE0B64 /* CDVJpegHeaderWriter.m in Sources */,
				0B38D9F5595E452DB1912136 /* CDVLogger.m in Sources */,
				3384ABA27FCC41CCB62E1A10 /* CDVContacts.m in Sources */,
				2CC08C8B883B48B7B0F1DAC1 /* CDVContact.m in Sources */,
				A30627B2E7A7410B97674489 /* CDVDevice.m in Sources */,
				39A50197F7D64A76B5510D4F /* CDVAccelerometer.m in Sources */,
				F3D4105AE1EC4A27AC18BDC5 /* CDVCompass.m in Sources */,
				40524F3CA328478D9BC5662A /* CDVNotification.m in Sources */,
				D7364966BD254F888CD50AD0 /* CDVFile.m in Sources */,
				057A2A12EAF54B1DBB492D34 /* CDVLocalFilesystem.m in Sources */,
				E86E6F17DE1241429F6EE0DB /* CDVAssetLibraryFilesystem.m in Sources */,
				4DEA9A8A7B064485A3D7613F /* CDVFileTransfer.m in Sources */,
				97B324C3D5664882AAE06C7E /* CDVLocation.m in Sources */,
				FA836C2A70BC4CA680BE62D0 /* CDVGlobalization.m in Sources */,
				E05D188A897940E890009C18 /* CDVInAppBrowser.m in Sources */,
				6766D3F42F2E41BFB4F431C1 /* CDVSound.m in Sources */,
				6935FA0DE59741A39494778D /* CDVCapture.m in Sources */,
				741B0342955440F8917B2229 /* CDVConnection.m in Sources */,
				2DCCCC17A444469097FD2164 /* CDVReachability.m in Sources */,
				5FBF33E5F7F2474EA3C0D980 /* CDVSplashScreen.m in Sources */,
				8C1A6DD33C3F4B17A27FAA65 /* CDVViewController+SplashScreen.m in Sources */,
				13B9BCEC49AD43F8A8E3B526 /* CDVStatusBar.m in Sources */,
				F235668EB82141048452FCCF /* CDVVibration.m in Sources */,
			);
			runOnlyForDeploymentPostprocessing = 0;
		};
/* End PBXSourcesBuildPhase section */

/* Begin PBXTargetDependency section */
		301BF551109A68C00062928A /* PBXTargetDependency */ = {
			isa = PBXTargetDependency;
			name = CordovaLib;
			targetProxy = 301BF550109A68C00062928A /* PBXContainerItemProxy */;
		};
/* End PBXTargetDependency section */

/* Begin XCBuildConfiguration section */
		1D6058940D05DD3E006BFB54 /* Debug */ = {
			isa = XCBuildConfiguration;
			baseConfigurationReference = 3047A50F1AB8059700498E2A /* build-debug.xcconfig */;
			buildSettings = {
				ALWAYS_SEARCH_USER_PATHS = NO;
				ASSETCATALOG_COMPILER_APPICON_NAME = AppIcon;
				ASSETCATALOG_COMPILER_LAUNCHIMAGE_NAME = LaunchImage;
				CLANG_ENABLE_MODULES = YES;
				CLANG_ENABLE_OBJC_ARC = YES;
				COPY_PHASE_STRIP = NO;
				GCC_DYNAMIC_NO_PIC = NO;
				GCC_OPTIMIZATION_LEVEL = 0;
				GCC_PRECOMPILE_PREFIX_HEADER = YES;
				GCC_PREFIX_HEADER = "Stundenplan/Stundenplan-Prefix.pch";
				GCC_THUMB_SUPPORT = NO;
				GCC_VERSION = "";
				INFOPLIST_FILE = "Stundenplan/Stundenplan-Info.plist";
				IPHONEOS_DEPLOYMENT_TARGET = 8.0;
				LD_RUNPATH_SEARCH_PATHS = "@executable_path/Frameworks";
				TARGETED_DEVICE_FAMILY = "1,2";
				PRODUCT_NAME = "Stundenplan";
			};
			name = Debug;
		};
		1D6058950D05DD3E006BFB54 /* Release */ = {
			isa = XCBuildConfiguration;
			baseConfigurationReference = 3047A5101AB8059700498E2A /* build-release.xcconfig */;
			buildSettings = {
				ALWAYS_SEARCH_USER_PATHS = NO;
				ASSETCATALOG_COMPILER_APPICON_NAME = AppIcon;
				ASSETCATALOG_COMPILER_LAUNCHIMAGE_NAME = LaunchImage;
				CLANG_ENABLE_MODULES = YES;
				CLANG_ENABLE_OBJC_ARC = YES;
				COPY_PHASE_STRIP = YES;
				GCC_PRECOMPILE_PREFIX_HEADER = YES;
				GCC_PREFIX_HEADER = "Stundenplan/Stundenplan-Prefix.pch";
				GCC_THUMB_SUPPORT = NO;
				GCC_VERSION = "";
				INFOPLIST_FILE = "Stundenplan/Stundenplan-Info.plist";
				IPHONEOS_DEPLOYMENT_TARGET = 8.0;
				LD_RUNPATH_SEARCH_PATHS = "@executable_path/Frameworks";
				TARGETED_DEVICE_FAMILY = "1,2";
				PRODUCT_NAME = "Stundenplan";
			};
			name = Release;
		};
		C01FCF4F08A954540054247B /* Debug */ = {
			isa = XCBuildConfiguration;
			baseConfigurationReference = 3047A5111AB8059700498E2A /* build.xcconfig */;
			buildSettings = {
				CLANG_ENABLE_MODULES = YES;
				CLANG_ENABLE_OBJC_ARC = YES;
				CLANG_WARN_BOOL_CONVERSION = YES;
				CLANG_WARN_CONSTANT_CONVERSION = YES;
				CLANG_WARN_EMPTY_BODY = YES;
				CLANG_WARN_ENUM_CONVERSION = YES;
				CLANG_WARN_INT_CONVERSION = YES;
				CLANG_WARN__DUPLICATE_METHOD_MATCH = YES;
				GCC_C_LANGUAGE_STANDARD = c99;
				GCC_THUMB_SUPPORT = NO;
				GCC_VERSION = "";
				GCC_WARN_ABOUT_RETURN_TYPE = YES;
				GCC_WARN_UNDECLARED_SELECTOR = YES;
				GCC_WARN_UNINITIALIZED_AUTOS = YES;
				GCC_WARN_UNUSED_FUNCTION = YES;
				GCC_WARN_UNUSED_VARIABLE = YES;
				ONLY_ACTIVE_ARCH = YES;
				SDKROOT = iphoneos;
				SKIP_INSTALL = NO;
				ASSETCATALOG_COMPILER_LAUNCHIMAGE_NAME = LaunchImage;
			};
			name = Debug;
		};
		C01FCF5008A954540054247B /* Release */ = {
			isa = XCBuildConfiguration;
			baseConfigurationReference = 3047A5111AB8059700498E2A /* build.xcconfig */;
			buildSettings = {
				CLANG_ENABLE_MODULES = YES;
				CLANG_ENABLE_OBJC_ARC = YES;
				CLANG_WARN_BOOL_CONVERSION = YES;
				CLANG_WARN_CONSTANT_CONVERSION = YES;
				CLANG_WARN_EMPTY_BODY = YES;
				CLANG_WARN_ENUM_CONVERSION = YES;
				CLANG_WARN_INT_CONVERSION = YES;
				CLANG_WARN__DUPLICATE_METHOD_MATCH = YES;
				GCC_C_LANGUAGE_STANDARD = c99;
				GCC_THUMB_SUPPORT = NO;
				GCC_VERSION = "";
				GCC_WARN_ABOUT_RETURN_TYPE = YES;
				GCC_WARN_UNDECLARED_SELECTOR = YES;
				GCC_WARN_UNINITIALIZED_AUTOS = YES;
				GCC_WARN_UNUSED_FUNCTION = YES;
				GCC_WARN_UNUSED_VARIABLE = YES;
				SDKROOT = iphoneos;
				SKIP_INSTALL = NO;
				ASSETCATALOG_COMPILER_LAUNCHIMAGE_NAME = LaunchImage;
			};
			name = Release;
		};
/* End XCBuildConfiguration section */

/* Begin XCConfigurationList section */
		1D6058960D05DD3E006BFB54 /* Build configuration list for PBXNativeTarget "Stundenplan" */ = {
			isa = XCConfigurationList;
			buildConfigurations = (
				1D6058940D05DD3E006BFB54 /* Debug */,
				1D6058950D05DD3E006BFB54 /* Release */,
			);
			defaultConfigurationIsVisible = 0;
			defaultConfigurationName = Release;
		};
		C01FCF4E08A954540054247B /* Build configuration list for PBXProject "__NON-CLI__" */ = {
			isa = XCConfigurationList;
			buildConfigurations = (
				C01FCF4F08A954540054247B /* Debug */,
				C01FCF5008A954540054247B /* Release */,
			);
			defaultConfigurationIsVisible = 0;
			defaultConfigurationName = Release;
		};
/* End XCConfigurationList section */
	};
	rootObject = 29B97313FDCFA39411CA2CEA /* Project object */;
}
